// !$*UTF8*$!
{
	archiveVersion = 1;
	classes = {
	};
	objectVersion = 56;
	objects = {

/* Begin PBXBuildFile section */
		1F7EB3D6297C5FB100FDA28A /* FirstBlogApp.swift in Sources */ = {isa = PBXBuildFile; fileRef = 1F7EB3D5297C5FB100FDA28A /* FirstBlogApp.swift */; };
		1F7EB3D8297C5FB100FDA28A /* ContentView.swift in Sources */ = {isa = PBXBuildFile; fileRef = 1F7EB3D7297C5FB100FDA28A /* ContentView.swift */; };
		1F7EB3DA297C5FB200FDA28A /* Assets.xcassets in Resources */ = {isa = PBXBuildFile; fileRef = 1F7EB3D9297C5FB200FDA28A /* Assets.xcassets */; };
		1F7EB3DD297C5FB200FDA28A /* Preview Assets.xcassets in Resources */ = {isa = PBXBuildFile; fileRef = 1F7EB3DC297C5FB200FDA28A /* Preview Assets.xcassets */; };
		1F7EB3E7297C5FB200FDA28A /* FirstBlogTests.swift in Sources */ = {isa = PBXBuildFile; fileRef = 1F7EB3E6297C5FB200FDA28A /* FirstBlogTests.swift */; };
		1F7EB3F1297C5FB200FDA28A /* FirstBlogUITests.swift in Sources */ = {isa = PBXBuildFile; fileRef = 1F7EB3F0297C5FB200FDA28A /* FirstBlogUITests.swift */; };
		1F7EB3F3297C5FB200FDA28A /* FirstBlogUITestsLaunchTests.swift in Sources */ = {isa = PBXBuildFile; fileRef = 1F7EB3F2297C5FB200FDA28A /* FirstBlogUITestsLaunchTests.swift */; };
		1F7EB400297C602D00FDA28A /* MainView.swift in Sources */ = {isa = PBXBuildFile; fileRef = 1F7EB3FF297C602D00FDA28A /* MainView.swift */; };
		1F7EB404297C636100FDA28A /* BlogPostsList.swift in Sources */ = {isa = PBXBuildFile; fileRef = 1F7EB403297C636100FDA28A /* BlogPostsList.swift */; };
		1F7EB406297C656F00FDA28A /* BlogCardMain.swift in Sources */ = {isa = PBXBuildFile; fileRef = 1F7EB405297C656F00FDA28A /* BlogCardMain.swift */; };
		1FE36692297CD0B700AB0682 /* BlogPostView.swift in Sources */ = {isa = PBXBuildFile; fileRef = 1FE36691297CD0B700AB0682 /* BlogPostView.swift */; };
		1FE36694297CD3FB00AB0682 /* AllPosts.swift in Sources */ = {isa = PBXBuildFile; fileRef = 1FE36693297CD3FB00AB0682 /* AllPosts.swift */; };
		1FE3669C297CD5DA00AB0682 /* BlogCardList.swift in Sources */ = {isa = PBXBuildFile; fileRef = 1FE3669B297CD5DA00AB0682 /* BlogCardList.swift */; };
/* End PBXBuildFile section */

/* Begin PBXContainerItemProxy section */
		1F7EB3E3297C5FB200FDA28A /* PBXContainerItemProxy */ = {
			isa = PBXContainerItemProxy;
			containerPortal = 1F7EB3CA297C5FB100FDA28A /* Project object */;
			proxyType = 1;
			remoteGlobalIDString = 1F7EB3D1297C5FB100FDA28A;
			remoteInfo = FirstBlog;
		};
		1F7EB3ED297C5FB200FDA28A /* PBXContainerItemProxy */ = {
			isa = PBXContainerItemProxy;
			containerPortal = 1F7EB3CA297C5FB100FDA28A /* Project object */;
			proxyType = 1;
			remoteGlobalIDString = 1F7EB3D1297C5FB100FDA28A;
			remoteInfo = FirstBlog;
		};
/* End PBXContainerItemProxy section */

/* Begin PBXFileReference section */
		1F7EB3D2297C5FB100FDA28A /* FirstBlog.app */ = {isa = PBXFileReference; explicitFileType = wrapper.application; includeInIndex = 0; path = FirstBlog.app; sourceTree = BUILT_PRODUCTS_DIR; };
		1F7EB3D5297C5FB100FDA28A /* FirstBlogApp.swift */ = {isa = PBXFileReference; lastKnownFileType = sourcecode.swift; path = FirstBlogApp.swift; sourceTree = "<group>"; };
		1F7EB3D7297C5FB100FDA28A /* ContentView.swift */ = {isa = PBXFileReference; lastKnownFileType = sourcecode.swift; path = ContentView.swift; sourceTree = "<group>"; };
		1F7EB3D9297C5FB200FDA28A /* Assets.xcassets */ = {isa = PBXFileReference; lastKnownFileType = folder.assetcatalog; path = Assets.xcassets; sourceTree = "<group>"; };
		1F7EB3DC297C5FB200FDA28A /* Preview Assets.xcassets */ = {isa = PBXFileReference; lastKnownFileType = folder.assetcatalog; path = "Preview Assets.xcassets"; sourceTree = "<group>"; };
		1F7EB3E2297C5FB200FDA28A /* FirstBlogTests.xctest */ = {isa = PBXFileReference; explicitFileType = wrapper.cfbundle; includeInIndex = 0; path = FirstBlogTests.xctest; sourceTree = BUILT_PRODUCTS_DIR; };
		1F7EB3E6297C5FB200FDA28A /* FirstBlogTests.swift */ = {isa = PBXFileReference; lastKnownFileType = sourcecode.swift; path = FirstBlogTests.swift; sourceTree = "<group>"; };
		1F7EB3EC297C5FB200FDA28A /* FirstBlogUITests.xctest */ = {isa = PBXFileReference; explicitFileType = wrapper.cfbundle; includeInIndex = 0; path = FirstBlogUITests.xctest; sourceTree = BUILT_PRODUCTS_DIR; };
		1F7EB3F0297C5FB200FDA28A /* FirstBlogUITests.swift */ = {isa = PBXFileReference; lastKnownFileType = sourcecode.swift; path = FirstBlogUITests.swift; sourceTree = "<group>"; };
		1F7EB3F2297C5FB200FDA28A /* FirstBlogUITestsLaunchTests.swift */ = {isa = PBXFileReference; lastKnownFileType = sourcecode.swift; path = FirstBlogUITestsLaunchTests.swift; sourceTree = "<group>"; };
		1F7EB3FF297C602D00FDA28A /* MainView.swift */ = {isa = PBXFileReference; lastKnownFileType = sourcecode.swift; path = MainView.swift; sourceTree = "<group>"; };
		1F7EB403297C636100FDA28A /* BlogPostsList.swift */ = {isa = PBXFileReference; lastKnownFileType = sourcecode.swift; path = BlogPostsList.swift; sourceTree = "<group>"; };
		1F7EB405297C656F00FDA28A /* BlogCardMain.swift */ = {isa = PBXFileReference; lastKnownFileType = sourcecode.swift; path = BlogCardMain.swift; sourceTree = "<group>"; };
		1FE36691297CD0B700AB0682 /* BlogPostView.swift */ = {isa = PBXFileReference; lastKnownFileType = sourcecode.swift; path = BlogPostView.swift; sourceTree = "<group>"; };
		1FE36693297CD3FB00AB0682 /* AllPosts.swift */ = {isa = PBXFileReference; lastKnownFileType = sourcecode.swift; path = AllPosts.swift; sourceTree = "<group>"; };
		1FE3669B297CD5DA00AB0682 /* BlogCardList.swift */ = {isa = PBXFileReference; lastKnownFileType = sourcecode.swift; path = BlogCardList.swift; sourceTree = "<group>"; };
/* End PBXFileReference section */

/* Begin PBXFrameworksBuildPhase section */
		1F7EB3CF297C5FB100FDA28A /* Frameworks */ = {
			isa = PBXFrameworksBuildPhase;
			buildActionMask = 2147483647;
			files = (
			);
			runOnlyForDeploymentPostprocessing = 0;
		};
		1F7EB3DF297C5FB200FDA28A /* Frameworks */ = {
			isa = PBXFrameworksBuildPhase;
			buildActionMask = 2147483647;
			files = (
			);
			runOnlyForDeploymentPostprocessing = 0;
		};
		1F7EB3E9297C5FB200FDA28A /* Frameworks */ = {
			isa = PBXFrameworksBuildPhase;
			buildActionMask = 2147483647;
			files = (
			);
			runOnlyForDeploymentPostprocessing = 0;
		};
/* End PBXFrameworksBuildPhase section */

/* Begin PBXGroup section */
		1F7EB3C9297C5FB100FDA28A = {
			isa = PBXGroup;
			children = (
				1F7EB3D4297C5FB100FDA28A /* FirstBlog */,
				1F7EB3E5297C5FB200FDA28A /* FirstBlogTests */,
				1F7EB3EF297C5FB200FDA28A /* FirstBlogUITests */,
				1F7EB3D3297C5FB100FDA28A /* Products */,
			);
			sourceTree = "<group>";
		};
		1F7EB3D3297C5FB100FDA28A /* Products */ = {
			isa = PBXGroup;
			children = (
				1F7EB3D2297C5FB100FDA28A /* FirstBlog.app */,
				1F7EB3E2297C5FB200FDA28A /* FirstBlogTests.xctest */,
				1F7EB3EC297C5FB200FDA28A /* FirstBlogUITests.xctest */,
			);
			name = Products;
			sourceTree = "<group>";
		};
		1F7EB3D4297C5FB100FDA28A /* FirstBlog */ = {
			isa = PBXGroup;
			children = (
				1F7EB3D5297C5FB100FDA28A /* FirstBlogApp.swift */,
				1F7EB3D7297C5FB100FDA28A /* ContentView.swift */,
				1F7EB3D9297C5FB200FDA28A /* Assets.xcassets */,
				1F7EB3DB297C5FB200FDA28A /* Preview Content */,
				1F7EB3FF297C602D00FDA28A /* MainView.swift */,
				1F7EB403297C636100FDA28A /* BlogPostsList.swift */,
				1F7EB405297C656F00FDA28A /* BlogCardMain.swift */,
				1FE36693297CD3FB00AB0682 /* AllPosts.swift */,
				1FE36691297CD0B700AB0682 /* BlogPostView.swift */,
				1FE3669B297CD5DA00AB0682 /* BlogCardList.swift */,
			);
			path = FirstBlog;
			sourceTree = "<group>";
		};
		1F7EB3DB297C5FB200FDA28A /* Preview Content */ = {
			isa = PBXGroup;
			children = (
				1F7EB3DC297C5FB200FDA28A /* Preview Assets.xcassets */,
			);
			path = "Preview Content";
			sourceTree = "<group>";
		};
		1F7EB3E5297C5FB200FDA28A /* FirstBlogTests */ = {
			isa = PBXGroup;
			children = (
				1F7EB3E6297C5FB200FDA28A /* FirstBlogTests.swift */,
			);
			path = FirstBlogTests;
			sourceTree = "<group>";
		};
		1F7EB3EF297C5FB200FDA28A /* FirstBlogUITests */ = {
			isa = PBXGroup;
			children = (
				1F7EB3F0297C5FB200FDA28A /* FirstBlogUITests.swift */,
				1F7EB3F2297C5FB200FDA28A /* FirstBlogUITestsLaunchTests.swift */,
			);
			path = FirstBlogUITests;
			sourceTree = "<group>";
		};
/* End PBXGroup section */

/* Begin PBXNativeTarget section */
		1F7EB3D1297C5FB100FDA28A /* FirstBlog */ = {
			isa = PBXNativeTarget;
			buildConfigurationList = 1F7EB3F6297C5FB200FDA28A /* Build configuration list for PBXNativeTarget "FirstBlog" */;
			buildPhases = (
				1F7EB3CE297C5FB100FDA28A /* Sources */,
				1F7EB3CF297C5FB100FDA28A /* Frameworks */,
				1F7EB3D0297C5FB100FDA28A /* Resources */,
			);
			buildRules = (
			);
			dependencies = (
			);
			name = FirstBlog;
			productName = FirstBlog;
			productReference = 1F7EB3D2297C5FB100FDA28A /* FirstBlog.app */;
			productType = "com.apple.product-type.application";
		};
		1F7EB3E1297C5FB200FDA28A /* FirstBlogTests */ = {
			isa = PBXNativeTarget;
			buildConfigurationList = 1F7EB3F9297C5FB200FDA28A /* Build configuration list for PBXNativeTarget "FirstBlogTests" */;
			buildPhases = (
				1F7EB3DE297C5FB200FDA28A /* Sources */,
				1F7EB3DF297C5FB200FDA28A /* Frameworks */,
				1F7EB3E0297C5FB200FDA28A /* Resources */,
			);
			buildRules = (
			);
			dependencies = (
				1F7EB3E4297C5FB200FDA28A /* PBXTargetDependency */,
			);
			name = FirstBlogTests;
			productName = FirstBlogTests;
			productReference = 1F7EB3E2297C5FB200FDA28A /* FirstBlogTests.xctest */;
			productType = "com.apple.product-type.bundle.unit-test";
		};
		1F7EB3EB297C5FB200FDA28A /* FirstBlogUITests */ = {
			isa = PBXNativeTarget;
			buildConfigurationList = 1F7EB3FC297C5FB200FDA28A /* Build configuration list for PBXNativeTarget "FirstBlogUITests" */;
			buildPhases = (
				1F7EB3E8297C5FB200FDA28A /* Sources */,
				1F7EB3E9297C5FB200FDA28A /* Frameworks */,
				1F7EB3EA297C5FB200FDA28A /* Resources */,
			);
			buildRules = (
			);
			dependencies = (
				1F7EB3EE297C5FB200FDA28A /* PBXTargetDependency */,
			);
			name = FirstBlogUITests;
			productName = FirstBlogUITests;
			productReference = 1F7EB3EC297C5FB200FDA28A /* FirstBlogUITests.xctest */;
			productType = "com.apple.product-type.bundle.ui-testing";
		};
/* End PBXNativeTarget section */

/* Begin PBXProject section */
		1F7EB3CA297C5FB100FDA28A /* Project object */ = {
			isa = PBXProject;
			attributes = {
				BuildIndependentTargetsInParallel = 1;
				LastSwiftUpdateCheck = 1420;
				LastUpgradeCheck = 1420;
				TargetAttributes = {
					1F7EB3D1297C5FB100FDA28A = {
						CreatedOnToolsVersion = 14.2;
					};
					1F7EB3E1297C5FB200FDA28A = {
						CreatedOnToolsVersion = 14.2;
						TestTargetID = 1F7EB3D1297C5FB100FDA28A;
					};
					1F7EB3EB297C5FB200FDA28A = {
						CreatedOnToolsVersion = 14.2;
						TestTargetID = 1F7EB3D1297C5FB100FDA28A;
					};
				};
			};
			buildConfigurationList = 1F7EB3CD297C5FB100FDA28A /* Build configuration list for PBXProject "FirstBlog" */;
			compatibilityVersion = "Xcode 14.0";
			developmentRegion = en;
			hasScannedForEncodings = 0;
			knownRegions = (
				en,
				Base,
			);
			mainGroup = 1F7EB3C9297C5FB100FDA28A;
			productRefGroup = 1F7EB3D3297C5FB100FDA28A /* Products */;
			projectDirPath = "";
			projectRoot = "";
			targets = (
				1F7EB3D1297C5FB100FDA28A /* FirstBlog */,
				1F7EB3E1297C5FB200FDA28A /* FirstBlogTests */,
				1F7EB3EB297C5FB200FDA28A /* FirstBlogUITests */,
			);
		};
/* End PBXProject section */

/* Begin PBXResourcesBuildPhase section */
		1F7EB3D0297C5FB100FDA28A /* Resources */ = {
			isa = PBXResourcesBuildPhase;
			buildActionMask = 2147483647;
			files = (
				1F7EB3DD297C5FB200FDA28A /* Preview Assets.xcassets in Resources */,
				1F7EB3DA297C5FB200FDA28A /* Assets.xcassets in Resources */,
			);
			runOnlyForDeploymentPostprocessing = 0;
		};
		1F7EB3E0297C5FB200FDA28A /* Resources */ = {
			isa = PBXResourcesBuildPhase;
			buildActionMask = 2147483647;
			files = (
			);
			runOnlyForDeploymentPostprocessing = 0;
		};
		1F7EB3EA297C5FB200FDA28A /* Resources */ = {
			isa = PBXResourcesBuildPhase;
			buildActionMask = 2147483647;
			files = (
			);
			runOnlyForDeploymentPostprocessing = 0;
		};
/* End PBXResourcesBuildPhase section */

/* Begin PBXSourcesBuildPhase section */
		1F7EB3CE297C5FB100FDA28A /* Sources */ = {
			isa = PBXSourcesBuildPhase;
			buildActionMask = 2147483647;
			files = (
				1F7EB3D8297C5FB100FDA28A /* ContentView.swift in Sources */,
				1FE36694297CD3FB00AB0682 /* AllPosts.swift in Sources */,
				1F7EB400297C602D00FDA28A /* MainView.swift in Sources */,
				1F7EB3D6297C5FB100FDA28A /* FirstBlogApp.swift in Sources */,
				1F7EB404297C636100FDA28A /* BlogPostsList.swift in Sources */,
				1FE36692297CD0B700AB0682 /* BlogPostView.swift in Sources */,
				1F7EB406297C656F00FDA28A /* BlogCardMain.swift in Sources */,
				1FE3669C297CD5DA00AB0682 /* BlogCardList.swift in Sources */,
			);
			runOnlyForDeploymentPostprocessing = 0;
		};
		1F7EB3DE297C5FB200FDA28A /* Sources */ = {
			isa = PBXSourcesBuildPhase;
			buildActionMask = 2147483647;
			files = (
				1F7EB3E7297C5FB200FDA28A /* FirstBlogTests.swift in Sources */,
			);
			runOnlyForDeploymentPostprocessing = 0;
		};
		1F7EB3E8297C5FB200FDA28A /* Sources */ = {
			isa = PBXSourcesBuildPhase;
			buildActionMask = 2147483647;
			files = (
				1F7EB3F1297C5FB200FDA28A /* FirstBlogUITests.swift in Sources */,
				1F7EB3F3297C5FB200FDA28A /* FirstBlogUITestsLaunchTests.swift in Sources */,
			);
			runOnlyForDeploymentPostprocessing = 0;
		};
/* End PBXSourcesBuildPhase section */

/* Begin PBXTargetDependency section */
		1F7EB3E4297C5FB200FDA28A /* PBXTargetDependency */ = {
			isa = PBXTargetDependency;
			target = 1F7EB3D1297C5FB100FDA28A /* FirstBlog */;
			targetProxy = 1F7EB3E3297C5FB200FDA28A /* PBXContainerItemProxy */;
		};
		1F7EB3EE297C5FB200FDA28A /* PBXTargetDependency */ = {
			isa = PBXTargetDependency;
			target = 1F7EB3D1297C5FB100FDA28A /* FirstBlog */;
			targetProxy = 1F7EB3ED297C5FB200FDA28A /* PBXContainerItemProxy */;
		};
/* End PBXTargetDependency section */

/* Begin XCBuildConfiguration section */
		1F7EB3F4297C5FB200FDA28A /* Debug */ = {
			isa = XCBuildConfiguration;
			buildSettings = {
				ALWAYS_SEARCH_USER_PATHS = NO;
				CLANG_ANALYZER_NONNULL = YES;
				CLANG_ANALYZER_NUMBER_OBJECT_CONVERSION = YES_AGGRESSIVE;
				CLANG_CXX_LANGUAGE_STANDARD = "gnu++20";
				CLANG_ENABLE_MODULES = YES;
				CLANG_ENABLE_OBJC_ARC = YES;
				CLANG_ENABLE_OBJC_WEAK = YES;
				CLANG_WARN_BLOCK_CAPTURE_AUTORELEASING = YES;
				CLANG_WARN_BOOL_CONVERSION = YES;
				CLANG_WARN_COMMA = YES;
				CLANG_WARN_CONSTANT_CONVERSION = YES;
				CLANG_WARN_DEPRECATED_OBJC_IMPLEMENTATIONS = YES;
				CLANG_WARN_DIRECT_OBJC_ISA_USAGE = YES_ERROR;
				CLANG_WARN_DOCUMENTATION_COMMENTS = YES;
				CLANG_WARN_EMPTY_BODY = YES;
				CLANG_WARN_ENUM_CONVERSION = YES;
				CLANG_WARN_INFINITE_RECURSION = YES;
				CLANG_WARN_INT_CONVERSION = YES;
				CLANG_WARN_NON_LITERAL_NULL_CONVERSION = YES;
				CLANG_WARN_OBJC_IMPLICIT_RETAIN_SELF = YES;
				CLANG_WARN_OBJC_LITERAL_CONVERSION = YES;
				CLANG_WARN_OBJC_ROOT_CLASS = YES_ERROR;
				CLANG_WARN_QUOTED_INCLUDE_IN_FRAMEWORK_HEADER = YES;
				CLANG_WARN_RANGE_LOOP_ANALYSIS = YES;
				CLANG_WARN_STRICT_PROTOTYPES = YES;
				CLANG_WARN_SUSPICIOUS_MOVE = YES;
				CLANG_WARN_UNGUARDED_AVAILABILITY = YES_AGGRESSIVE;
				CLANG_WARN_UNREACHABLE_CODE = YES;
				CLANG_WARN__DUPLICATE_METHOD_MATCH = YES;
				COPY_PHASE_STRIP = NO;
				DEBUG_INFORMATION_FORMAT = dwarf;
				ENABLE_STRICT_OBJC_MSGSEND = YES;
				ENABLE_TESTABILITY = YES;
				GCC_C_LANGUAGE_STANDARD = gnu11;
				GCC_DYNAMIC_NO_PIC = NO;
				GCC_NO_COMMON_BLOCKS = YES;
				GCC_OPTIMIZATION_LEVEL = 0;
				GCC_PREPROCESSOR_DEFINITIONS = (
					"DEBUG=1",
					"$(inherited)",
				);
				GCC_WARN_64_TO_32_BIT_CONVERSION = YES;
				GCC_WARN_ABOUT_RETURN_TYPE = YES_ERROR;
				GCC_WARN_UNDECLARED_SELECTOR = YES;
				GCC_WARN_UNINITIALIZED_AUTOS = YES_AGGRESSIVE;
				GCC_WARN_UNUSED_FUNCTION = YES;
				GCC_WARN_UNUSED_VARIABLE = YES;
				IPHONEOS_DEPLOYMENT_TARGET = 16.2;
				MTL_ENABLE_DEBUG_INFO = INCLUDE_SOURCE;
				MTL_FAST_MATH = YES;
				ONLY_ACTIVE_ARCH = YES;
				SDKROOT = iphoneos;
				SWIFT_ACTIVE_COMPILATION_CONDITIONS = DEBUG;
				SWIFT_OPTIMIZATION_LEVEL = "-Onone";
			};
			name = Debug;
		};
		1F7EB3F5297C5FB200FDA28A /* Release */ = {
			isa = XCBuildConfiguration;
			buildSettings = {
				ALWAYS_SEARCH_USER_PATHS = NO;
				CLANG_ANALYZER_NONNULL = YES;
				CLANG_ANALYZER_NUMBER_OBJECT_CONVERSION = YES_AGGRESSIVE;
				CLANG_CXX_LANGUAGE_STANDARD = "gnu++20";
				CLANG_ENABLE_MODULES = YES;
				CLANG_ENABLE_OBJC_ARC = YES;
				CLANG_ENABLE_OBJC_WEAK = YES;
				CLANG_WARN_BLOCK_CAPTURE_AUTORELEASING = YES;
				CLANG_WARN_BOOL_CONVERSION = YES;
				CLANG_WARN_COMMA = YES;
				CLANG_WARN_CONSTANT_CONVERSION = YES;
				CLANG_WARN_DEPRECATED_OBJC_IMPLEMENTATIONS = YES;
				CLANG_WARN_DIRECT_OBJC_ISA_USAGE = YES_ERROR;
				CLANG_WARN_DOCUMENTATION_COMMENTS = YES;
				CLANG_WARN_EMPTY_BODY = YES;
				CLANG_WARN_ENUM_CONVERSION = YES;
				CLANG_WARN_INFINITE_RECURSION = YES;
				CLANG_WARN_INT_CONVERSION = YES;
				CLANG_WARN_NON_LITERAL_NULL_CONVERSION = YES;
				CLANG_WARN_OBJC_IMPLICIT_RETAIN_SELF = YES;
				CLANG_WARN_OBJC_LITERAL_CONVERSION = YES;
				CLANG_WARN_OBJC_ROOT_CLASS = YES_ERROR;
				CLANG_WARN_QUOTED_INCLUDE_IN_FRAMEWORK_HEADER = YES;
				CLANG_WARN_RANGE_LOOP_ANALYSIS = YES;
				CLANG_WARN_STRICT_PROTOTYPES = YES;
				CLANG_WARN_SUSPICIOUS_MOVE = YES;
				CLANG_WARN_UNGUARDED_AVAILABILITY = YES_AGGRESSIVE;
				CLANG_WARN_UNREACHABLE_CODE = YES;
				CLANG_WARN__DUPLICATE_METHOD_MATCH = YES;
				COPY_PHASE_STRIP = NO;
				DEBUG_INFORMATION_FORMAT = "dwarf-with-dsym";
				ENABLE_NS_ASSERTIONS = NO;
				ENABLE_STRICT_OBJC_MSGSEND = YES;
				GCC_C_LANGUAGE_STANDARD = gnu11;
				GCC_NO_COMMON_BLOCKS = YES;
				GCC_WARN_64_TO_32_BIT_CONVERSION = YES;
				GCC_WARN_ABOUT_RETURN_TYPE = YES_ERROR;
				GCC_WARN_UNDECLARED_SELECTOR = YES;
				GCC_WARN_UNINITIALIZED_AUTOS = YES_AGGRESSIVE;
				GCC_WARN_UNUSED_FUNCTION = YES;
				GCC_WARN_UNUSED_VARIABLE = YES;
				IPHONEOS_DEPLOYMENT_TARGET = 16.2;
				MTL_ENABLE_DEBUG_INFO = NO;
				MTL_FAST_MATH = YES;
				SDKROOT = iphoneos;
				SWIFT_COMPILATION_MODE = wholemodule;
				SWIFT_OPTIMIZATION_LEVEL = "-O";
				VALIDATE_PRODUCT = YES;
			};
			name = Release;
		};
		1F7EB3F7297C5FB200FDA28A /* Debug */ = {
			isa = XCBuildConfiguration;
			buildSettings = {
				ASSETCATALOG_COMPILER_APPICON_NAME = AppIcon;
				ASSETCATALOG_COMPILER_GLOBAL_ACCENT_COLOR_NAME = AccentColor;
				CODE_SIGN_STYLE = Automatic;
				CURRENT_PROJECT_VERSION = 1;
				DEVELOPMENT_ASSET_PATHS = "\"FirstBlog/Preview Content\"";
				DEVELOPMENT_TEAM = F7W598G66J;
				ENABLE_PREVIEWS = YES;
				GENERATE_INFOPLIST_FILE = YES;
				INFOPLIST_KEY_UIApplicationSceneManifest_Generation = YES;
				INFOPLIST_KEY_UIApplicationSupportsIndirectInputEvents = YES;
				INFOPLIST_KEY_UILaunchScreen_Generation = YES;
				INFOPLIST_KEY_UISupportedInterfaceOrientations_iPad = "UIInterfaceOrientationPortrait UIInterfaceOrientationPortraitUpsideDown UIInterfaceOrientationLandscapeLeft UIInterfaceOrientationLandscapeRight";
				INFOPLIST_KEY_UISupportedInterfaceOrientations_iPhone = "UIInterfaceOrientationPortrait UIInterfaceOrientationLandscapeLeft UIInterfaceOrientationLandscapeRight";
				LD_RUNPATH_SEARCH_PATHS = (
					"$(inherited)",
					"@executable_path/Frameworks",
				);
				MARKETING_VERSION = 1.0;
				PRODUCT_BUNDLE_IDENTIFIER = firstBlog.FirstBlog;
				PRODUCT_NAME = "$(TARGET_NAME)";
				SWIFT_EMIT_LOC_STRINGS = YES;
				SWIFT_VERSION = 5.0;
				TARGETED_DEVICE_FAMILY = "1,2";
			};
			name = Debug;
		};
		1F7EB3F8297C5FB200FDA28A /* Release */ = {
			isa = XCBuildConfiguration;
			buildSettings = {
				ASSETCATALOG_COMPILER_APPICON_NAME = AppIcon;
				ASSETCATALOG_COMPILER_GLOBAL_ACCENT_COLOR_NAME = AccentColor;
				CODE_SIGN_STYLE = Automatic;
				CURRENT_PROJECT_VERSION = 1;
				DEVELOPMENT_ASSET_PATHS = "\"FirstBlog/Preview Content\"";
				DEVELOPMENT_TEAM = F7W598G66J;
				ENABLE_PREVIEWS = YES;
				GENERATE_INFOPLIST_FILE = YES;
				INFOPLIST_KEY_UIApplicationSceneManifest_Generation = YES;
				INFOPLIST_KEY_UIApplicationSupportsIndirectInputEvents = YES;
				INFOPLIST_KEY_UILaunchScreen_Generation = YES;
				INFOPLIST_KEY_UISupportedInterfaceOrientations_iPad = "UIInterfaceOrientationPortrait UIInterfaceOrientationPortraitUpsideDown UIInterfaceOrientationLandscapeLeft UIInterfaceOrientationLandscapeRight";
				INFOPLIST_KEY_UISupportedInterfaceOrientations_iPhone = "UIInterfaceOrientationPortrait UIInterfaceOrientationLandscapeLeft UIInterfaceOrientationLandscapeRight";
				LD_RUNPATH_SEARCH_PATHS = (
					"$(inherited)",
					"@executable_path/Frameworks",
				);
				MARKETING_VERSION = 1.0;
				PRODUCT_BUNDLE_IDENTIFIER = firstBlog.FirstBlog;
				PRODUCT_NAME = "$(TARGET_NAME)";
				SWIFT_EMIT_LOC_STRINGS = YES;
				SWIFT_VERSION = 5.0;
				TARGETED_DEVICE_FAMILY = "1,2";
			};
			name = Release;
		};
		1F7EB3FA297C5FB200FDA28A /* Debug */ = {
			isa = XCBuildConfiguration;
			buildSettings = {
				ALWAYS_EMBED_SWIFT_STANDARD_LIBRARIES = YES;
				BUNDLE_LOADER = "$(TEST_HOST)";
				CODE_SIGN_STYLE = Automatic;
				CURRENT_PROJECT_VERSION = 1;
				DEVELOPMENT_TEAM = F7W598G66J;
				GENERATE_INFOPLIST_FILE = YES;
				IPHONEOS_DEPLOYMENT_TARGET = 16.2;
				MARKETING_VERSION = 1.0;
				PRODUCT_BUNDLE_IDENTIFIER = firstBlog.FirstBlogTests;
				PRODUCT_NAME = "$(TARGET_NAME)";
				SWIFT_EMIT_LOC_STRINGS = NO;
				SWIFT_VERSION = 5.0;
				TARGETED_DEVICE_FAMILY = "1,2";
				TEST_HOST = "$(BUILT_PRODUCTS_DIR)/FirstBlog.app/$(BUNDLE_EXECUTABLE_FOLDER_PATH)/FirstBlog";
			};
			name = Debug;
		};
		1F7EB3FB297C5FB200FDA28A /* Release */ = {
			isa = XCBuildConfiguration;
			buildSettings = {
				ALWAYS_EMBED_SWIFT_STANDARD_LIBRARIES = YES;
				BUNDLE_LOADER = "$(TEST_HOST)";
				CODE_SIGN_STYLE = Automatic;
				CURRENT_PROJECT_VERSION = 1;
				DEVELOPMENT_TEAM = F7W598G66J;
				GENERATE_INFOPLIST_FILE = YES;
				IPHONEOS_DEPLOYMENT_TARGET = 16.2;
				MARKETING_VERSION = 1.0;
				PRODUCT_BUNDLE_IDENTIFIER = firstBlog.FirstBlogTests;
				PRODUCT_NAME = "$(TARGET_NAME)";
				SWIFT_EMIT_LOC_STRINGS = NO;
				SWIFT_VERSION = 5.0;
				TARGETED_DEVICE_FAMILY = "1,2";
				TEST_HOST = "$(BUILT_PRODUCTS_DIR)/FirstBlog.app/$(BUNDLE_EXECUTABLE_FOLDER_PATH)/FirstBlog";
			};
			name = Release;
		};
		1F7EB3FD297C5FB200FDA28A /* Debug */ = {
			isa = XCBuildConfiguration;
			buildSettings = {
				ALWAYS_EMBED_SWIFT_STANDARD_LIBRARIES = YES;
				CODE_SIGN_STYLE = Automatic;
				CURRENT_PROJECT_VERSION = 1;
				DEVELOPMENT_TEAM = F7W598G66J;
				GENERATE_INFOPLIST_FILE = YES;
				MARKETING_VERSION = 1.0;
				PRODUCT_BUNDLE_IDENTIFIER = firstBlog.FirstBlogUITests;
				PRODUCT_NAME = "$(TARGET_NAME)";
				SWIFT_EMIT_LOC_STRINGS = NO;
				SWIFT_VERSION = 5.0;
				TARGETED_DEVICE_FAMILY = "1,2";
				TEST_TARGET_NAME = FirstBlog;
			};
			name = Debug;
		};
		1F7EB3FE297C5FB200FDA28A /* Release */ = {
			isa = XCBuildConfiguration;
			buildSettings = {
				ALWAYS_EMBED_SWIFT_STANDARD_LIBRARIES = YES;
				CODE_SIGN_STYLE = Automatic;
				CURRENT_PROJECT_VERSION = 1;
				DEVELOPMENT_TEAM = F7W598G66J;
				GENERATE_INFOPLIST_FILE = YES;
				MARKETING_VERSION = 1.0;
				PRODUCT_BUNDLE_IDENTIFIER = firstBlog.FirstBlogUITests;
				PRODUCT_NAME = "$(TARGET_NAME)";
				SWIFT_EMIT_LOC_STRINGS = NO;
				SWIFT_VERSION = 5.0;
				TARGETED_DEVICE_FAMILY = "1,2";
				TEST_TARGET_NAME = FirstBlog;
			};
			name = Release;
		};
/* End XCBuildConfiguration section */

/* Begin XCConfigurationList section */
		1F7EB3CD297C5FB100FDA28A /* Build configuration list for PBXProject "FirstBlog" */ = {
			isa = XCConfigurationList;
			buildConfigurations = (
				1F7EB3F4297C5FB200FDA28A /* Debug */,
				1F7EB3F5297C5FB200FDA28A /* Release */,
			);
			defaultConfigurationIsVisible = 0;
			defaultConfigurationName = Release;
		};
		1F7EB3F6297C5FB200FDA28A /* Build configuration list for PBXNativeTarget "FirstBlog" */ = {
			isa = XCConfigurationList;
			buildConfigurations = (
				1F7EB3F7297C5FB200FDA28A /* Debug */,
				1F7EB3F8297C5FB200FDA28A /* Release */,
			);
			defaultConfigurationIsVisible = 0;
			defaultConfigurationName = Release;
		};
		1F7EB3F9297C5FB200FDA28A /* Build configuration list for PBXNativeTarget "FirstBlogTests" */ = {
			isa = XCConfigurationList;
			buildConfigurations = (
				1F7EB3FA297C5FB200FDA28A /* Debug */,
				1F7EB3FB297C5FB200FDA28A /* Release */,
			);
			defaultConfigurationIsVisible = 0;
			defaultConfigurationName = Release;
		};
		1F7EB3FC297C5FB200FDA28A /* Build configuration list for PBXNativeTarget "FirstBlogUITests" */ = {
			isa = XCConfigurationList;
			buildConfigurations = (
				1F7EB3FD297C5FB200FDA28A /* Debug */,
				1F7EB3FE297C5FB200FDA28A /* Release */,
			);
			defaultConfigurationIsVisible = 0;
			defaultConfigurationName = Release;
		};
/* End XCConfigurationList section */
	};
	rootObject = 1F7EB3CA297C5FB100FDA28A /* Project object */;
}
